// !$*UTF8*$!
{
	archiveVersion = 1;
	classes = {
	};
	objectVersion = 46;
	objects = {

/* Begin PBXBuildFile section */
		573144761C94540D00FEF0DF /* main.m in Sources */ = {isa = PBXBuildFile; fileRef = 573144751C94540D00FEF0DF /* main.m */; };
		573144791C94540D00FEF0DF /* AppDelegate.m in Sources */ = {isa = PBXBuildFile; fileRef = 573144781C94540D00FEF0DF /* AppDelegate.m */; };
		5731447C1C94540D00FEF0DF /* ViewController.m in Sources */ = {isa = PBXBuildFile; fileRef = 5731447B1C94540D00FEF0DF /* ViewController.m */; };
		5731447F1C94540D00FEF0DF /* Main.storyboard in Resources */ = {isa = PBXBuildFile; fileRef = 5731447D1C94540D00FEF0DF /* Main.storyboard */; };
		573144811C94540D00FEF0DF /* Assets.xcassets in Resources */ = {isa = PBXBuildFile; fileRef = 573144801C94540D00FEF0DF /* Assets.xcassets */; };
		573144841C94540D00FEF0DF /* LaunchScreen.storyboard in Resources */ = {isa = PBXBuildFile; fileRef = 573144821C94540D00FEF0DF /* LaunchScreen.storyboard */; };
/* End PBXBuildFile section */

/* Begin PBXFileReference section */
		573144711C94540D00FEF0DF /* 自动分发集成.app */ = {isa = PBXFileReference; explicitFileType = wrapper.application; includeInIndex = 0; path = "自动分发集成.app"; sourceTree = BUILT_PRODUCTS_DIR; };
		573144751C94540D00FEF0DF /* main.m */ = {isa = PBXFileReference; lastKnownFileType = sourcecode.c.objc; path = main.m; sourceTree = "<group>"; };
		573144771C94540D00FEF0DF /* AppDelegate.h */ = {isa = PBXFileReference; lastKnownFileType = sourcecode.c.h; path = AppDelegate.h; sourceTree = "<group>"; };
		573144781C94540D00FEF0DF /* AppDelegate.m */ = {isa = PBXFileReference; lastKnownFileType = sourcecode.c.objc; path = AppDelegate.m; sourceTree = "<group>"; };
		5731447A1C94540D00FEF0DF /* ViewController.h */ = {isa = PBXFileReference; lastKnownFileType = sourcecode.c.h; path = ViewController.h; sourceTree = "<group>"; };
		5731447B1C94540D00FEF0DF /* ViewController.m */ = {isa = PBXFileReference; lastKnownFileType = sourcecode.c.objc; path = ViewController.m; sourceTree = "<group>"; };
		5731447E1C94540D00FEF0DF /* Base */ = {isa = PBXFileReference; lastKnownFileType = file.storyboard; name = Base; path = Base.lproj/Main.storyboard; sourceTree = "<group>"; };
		573144801C94540D00FEF0DF /* Assets.xcassets */ = {isa = PBXFileReference; lastKnownFileType = folder.assetcatalog; path = Assets.xcassets; sourceTree = "<group>"; };
		573144831C94540D00FEF0DF /* Base */ = {isa = PBXFileReference; lastKnownFileType = file.storyboard; name = Base; path = Base.lproj/LaunchScreen.storyboard; sourceTree = "<group>"; };
		573144851C94540D00FEF0DF /* Info.plist */ = {isa = PBXFileReference; lastKnownFileType = text.plist.xml; path = Info.plist; sourceTree = "<group>"; };
/* End PBXFileReference section */

/* Begin PBXFrameworksBuildPhase section */
		5731446E1C94540D00FEF0DF /* Frameworks */ = {
			isa = PBXFrameworksBuildPhase;
			buildActionMask = 2147483647;
			files = (
			);
			runOnlyForDeploymentPostprocessing = 0;
		};
/* End PBXFrameworksBuildPhase section */

/* Begin PBXGroup section */
		573144681C94540D00FEF0DF = {
			isa = PBXGroup;
			children = (
				573144731C94540D00FEF0DF /* 自动分发集成 */,
				573144721C94540D00FEF0DF /* Products */,
			);
			sourceTree = "<group>";
		};
		573144721C94540D00FEF0DF /* Products */ = {
			isa = PBXGroup;
			children = (
				573144711C94540D00FEF0DF /* 自动分发集成.app */,
			);
			name = Products;
			sourceTree = "<group>";
		};
		573144731C94540D00FEF0DF /* 自动分发集成 */ = {
			isa = PBXGroup;
			children = (
				573144771C94540D00FEF0DF /* AppDelegate.h */,
				573144781C94540D00FEF0DF /* AppDelegate.m */,
				5731447A1C94540D00FEF0DF /* ViewController.h */,
				5731447B1C94540D00FEF0DF /* ViewController.m */,
				5731447D1C94540D00FEF0DF /* Main.storyboard */,
				573144801C94540D00FEF0DF /* Assets.xcassets */,
				573144821C94540D00FEF0DF /* LaunchScreen.storyboard */,
				573144851C94540D00FEF0DF /* Info.plist */,
				573144741C94540D00FEF0DF /* Supporting Files */,
			);
			path = "自动分发集成";
			sourceTree = "<group>";
		};
		573144741C94540D00FEF0DF /* Supporting Files */ = {
			isa = PBXGroup;
			children = (
				573144751C94540D00FEF0DF /* main.m */,
			);
			name = "Supporting Files";
			sourceTree = "<group>";
		};
/* End PBXGroup section */

/* Begin PBXNativeTarget section */
		573144701C94540D00FEF0DF /* 自动分发集成 */ = {
			isa = PBXNativeTarget;
			buildConfigurationList = 573144881C94540D00FEF0DF /* Build configuration list for PBXNativeTarget "自动分发集成" */;
			buildPhases = (
				5731446D1C94540D00FEF0DF /* Sources */,
				5731446E1C94540D00FEF0DF /* Frameworks */,
				5731446F1C94540D00FEF0DF /* Resources */,
			);
			buildRules = (
			);
			dependencies = (
			);
			name = "自动分发集成";
			productName = "自动分发集成";
			productReference = 573144711C94540D00FEF0DF /* 自动分发集成.app */;
			productType = "com.apple.product-type.application";
		};
/* End PBXNativeTarget section */

/* Begin PBXProject section */
		573144691C94540D00FEF0DF /* Project object */ = {
			isa = PBXProject;
			attributes = {
				LastUpgradeCheck = 0720;
				ORGANIZATIONNAME = Young;
				TargetAttributes = {
					573144701C94540D00FEF0DF = {
						CreatedOnToolsVersion = 7.2;
					};
				};
			};
			buildConfigurationList = 5731446C1C94540D00FEF0DF /* Build configuration list for PBXProject "自动分发集成" */;
			compatibilityVersion = "Xcode 3.2";
			developmentRegion = English;
			hasScannedForEncodings = 0;
			knownRegions = (
				en,
				Base,
			);
			mainGroup = 573144681C94540D00FEF0DF;
			productRefGroup = 573144721C94540D00FEF0DF /* Products */;
			projectDirPath = "";
			projectRoot = "";
			targets = (
				573144701C94540D00FEF0DF /* 自动分发集成 */,
			);
		};
/* End PBXProject section */

/* Begin PBXResourcesBuildPhase section */
		5731446F1C94540D00FEF0DF /* Resources */ = {
			isa = PBXResourcesBuildPhase;
			buildActionMask = 2147483647;
			files = (
				573144841C94540D00FEF0DF /* LaunchScreen.storyboard in Resources */,
				573144811C94540D00FEF0DF /* Assets.xcassets in Resources */,
				5731447F1C94540D00FEF0DF /* Main.storyboard in Resources */,
			);
			runOnlyForDeploymentPostprocessing = 0;
		};
/* End PBXResourcesBuildPhase section */

/* Begin PBXSourcesBuildPhase section */
		5731446D1C94540D00FEF0DF /* Sources */ = {
			isa = PBXSourcesBuildPhase;
			buildActionMask = 2147483647;
			files = (
				5731447C1C94540D00FEF0DF /* ViewController.m in Sources */,
				573144791C94540D00FEF0DF /* AppDelegate.m in Sources */,
				573144761C94540D00FEF0DF /* main.m in Sources */,
			);
			runOnlyForDeploymentPostprocessing = 0;
		};
/* End PBXSourcesBuildPhase section */

/* Begin PBXVariantGroup section */
		5731447D1C94540D00FEF0DF /* Main.storyboard */ = {
			isa = PBXVariantGroup;
			children = (
				5731447E1C94540D00FEF0DF /* Base */,
			);
			name = Main.storyboard;
			sourceTree = "<group>";
		};
		573144821C94540D00FEF0DF /* LaunchScreen.storyboard */ = {
			isa = PBXVariantGroup;
			children = (
				573144831C94540D00FEF0DF /* Base */,
			);
			name = LaunchScreen.storyboard;
			sourceTree = "<group>";
		};
/* End PBXVariantGroup section */

/* Begin XCBuildConfiguration section */
		573144861C94540D00FEF0DF /* Debug */ = {
			isa = XCBuildConfiguration;
			buildSettings = {
				ALWAYS_SEARCH_USER_PATHS = NO;
				CLANG_CXX_LANGUAGE_STANDARD = "gnu++0x";
				CLANG_CXX_LIBRARY = "libc++";
				CLANG_ENABLE_MODULES = YES;
				CLANG_ENABLE_OBJC_ARC = YES;
				CLANG_WARN_BOOL_CONVERSION = YES;
				CLANG_WARN_CONSTANT_CONVERSION = YES;
				CLANG_WARN_DIRECT_OBJC_ISA_USAGE = YES_ERROR;
				CLANG_WARN_EMPTY_BODY = YES;
				CLANG_WARN_ENUM_CONVERSION = YES;
				CLANG_WARN_INT_CONVERSION = YES;
				CLANG_WARN_OBJC_ROOT_CLASS = YES_ERROR;
				CLANG_WARN_UNREACHABLE_CODE = YES;
				CLANG_WARN__DUPLICATE_METHOD_MATCH = YES;
				"CODE_SIGN_IDENTITY[sdk=iphoneos*]" = "iPhone Developer";
				COPY_PHASE_STRIP = NO;
				DEBUG_INFORMATION_FORMAT = dwarf;
				ENABLE_STRICT_OBJC_MSGSEND = YES;
				ENABLE_TESTABILITY = YES;
				GCC_C_LANGUAGE_STANDARD = gnu99;
				GCC_DYNAMIC_NO_PIC = NO;
				GCC_NO_COMMON_BLOCKS = YES;
				GCC_OPTIMIZATION_LEVEL = 0;
				GCC_PREPROCESSOR_DEFINITIONS = (
					"DEBUG=1",
					"$(inherited)",
				);
				GCC_WARN_64_TO_32_BIT_CONVERSION = YES;
				GCC_WARN_ABOUT_RETURN_TYPE = YES_ERROR;
				GCC_WARN_UNDECLARED_SELECTOR = YES;
				GCC_WARN_UNINITIALIZED_AUTOS = YES_AGGRESSIVE;
				GCC_WARN_UNUSED_FUNCTION = YES;
				GCC_WARN_UNUSED_VARIABLE = YES;
				IPHONEOS_DEPLOYMENT_TARGET = 9.2;
				MTL_ENABLE_DEBUG_INFO = YES;
				ONLY_ACTIVE_ARCH = YES;
				SDKROOT = iphoneos;
			};
			name = Debug;
		};
		573144871C94540D00FEF0DF /* Release */ = {
			isa = XCBuildConfiguration;
			buildSettings = {
				ALWAYS_SEARCH_USER_PATHS = NO;
				CLANG_CXX_LANGUAGE_STANDARD = "gnu++0x";
				CLANG_CXX_LIBRARY = "libc++";
				CLANG_ENABLE_MODULES = YES;
				CLANG_ENABLE_OBJC_ARC = YES;
				CLANG_WARN_BOOL_CONVERSION = YES;
				CLANG_WARN_CONSTANT_CONVERSION = YES;
				CLANG_WARN_DIRECT_OBJC_ISA_USAGE = YES_ERROR;
				CLANG_WARN_EMPTY_BODY = YES;
				CLANG_WARN_ENUM_CONVERSION = YES;
				CLANG_WARN_INT_CONVERSION = YES;
				CLANG_WARN_OBJC_ROOT_CLASS = YES_ERROR;
				CLANG_WARN_UNREACHABLE_CODE = YES;
				CLANG_WARN__DUPLICATE_METHOD_MATCH = YES;
				"CODE_SIGN_IDENTITY[sdk=iphoneos*]" = "iPhone Developer";
				COPY_PHASE_STRIP = NO;
				DEBUG_INFORMATION_FORMAT = "dwarf-with-dsym";
				ENABLE_NS_ASSERTIONS = NO;
				ENABLE_STRICT_OBJC_MSGSEND = YES;
				GCC_C_LANGUAGE_STANDARD = gnu99;
				GCC_NO_COMMON_BLOCKS = YES;
				GCC_WARN_64_TO_32_BIT_CONVERSION = YES;
				GCC_WARN_ABOUT_RETURN_TYPE = YES_ERROR;
				GCC_WARN_UNDECLARED_SELECTOR = YES;
				GCC_WARN_UNINITIALIZED_AUTOS = YES_AGGRESSIVE;
				GCC_WARN_UNUSED_FUNCTION = YES;
				GCC_WARN_UNUSED_VARIABLE = YES;
				IPHONEOS_DEPLOYMENT_TARGET = 9.2;
				MTL_ENABLE_DEBUG_INFO = NO;
				SDKROOT = iphoneos;
				VALIDATE_PRODUCT = YES;
			};
			name = Release;
		};
		573144891C94540D00FEF0DF /* Debug */ = {
			isa = XCBuildConfiguration;
			buildSettings = {
				ASSETCATALOG_COMPILER_APPICON_NAME = AppIcon;
				INFOPLIST_FILE = "自动分发集成/Info.plist";
				LD_RUNPATH_SEARCH_PATHS = "$(inherited) @executable_path/Frameworks";
				PRODUCT_BUNDLE_IDENTIFIER = "com.sharecoding.------";
				PRODUCT_NAME = "$(TARGET_NAME)";
			};
			name = Debug;
		};
		5731448A1C94540D00FEF0DF /* Release */ = {
			isa = XCBuildConfiguration;
			buildSettings = {
				ASSETCATALOG_COMPILER_APPICON_NAME = AppIcon;
				INFOPLIST_FILE = "自动分发集成/Info.plist";
				LD_RUNPATH_SEARCH_PATHS = "$(inherited) @executable_path/Frameworks";
				PRODUCT_BUNDLE_IDENTIFIER = "com.sharecoding.------";
				PRODUCT_NAME = "$(TARGET_NAME)";
			};
			name = Release;
		};
/* End XCBuildConfiguration section */

/* Begin XCConfigurationList section */
		5731446C1C94540D00FEF0DF /* Build configuration list for PBXProject "自动分发集成" */ = {
			isa = XCConfigurationList;
			buildConfigurations = (
				573144861C94540D00FEF0DF /* Debug */,
				573144871C94540D00FEF0DF /* Release */,
			);
			defaultConfigurationIsVisible = 0;
			defaultConfigurationName = Release;
		};
		573144881C94540D00FEF0DF /* Build configuration list for PBXNativeTarget "自动分发集成" */ = {
			isa = XCConfigurationList;
			buildConfigurations = (
				573144891C94540D00FEF0DF /* Debug */,
				5731448A1C94540D00FEF0DF /* Release */,
			);
			defaultConfigurationIsVisible = 0;
		};
/* End XCConfigurationList section */
	};
	rootObject = 573144691C94540D00FEF0DF /* Project object */;
}
